
Microsoft Visual Studio Solution File, Format Version 12.00
# Visual Studio 15
VisualStudioVersion = 15.0.27703.2047
MinimumVisualStudioVersion = 10.0.40219.1
Project("{FAE04EC0-301F-11D3-BF4B-00C04F79EFBC}") = "ClickerGame", "ClickerGame\ClickerGame.csproj", "{68E70D77-B859-4DCC-B8BB-1A07760795F6}"
EndProject
Project("{FAE04EC0-301F-11D3-BF4B-00C04F79EFBC}") = "MvvmUtilities", "MvvmUtilities\MvvmUtilities.csproj", "{C0020E54-6FE9-4A34-A312-F6ACB65407C8}"
EndProject
Project("{2150E333-8FDC-42A3-9474-1A3956D46DE8}") = "Domain", "Domain", "{408C5161-1953-4785-9252-5CD3D1901344}"
EndProject
Project("{FAE04EC0-301F-11D3-BF4B-00C04F79EFBC}") = "ResourceManagement", "ResourceManagement\ResourceManagement.csproj", "{45F8B4B5-B080-4BCE-8F32-297F0E2FF2CB}"
EndProject
Project("{FAE04EC0-301F-11D3-BF4B-00C04F79EFBC}") = "ResourceManagmentTests", "ResourceManagmentTests\ResourceManagmentTests.csproj", "{739BF029-78BF-4F64-82E1-B002E908047D}"
EndProject
Global
	GlobalSection(SolutionConfigurationPlatforms) = preSolution
		Debug|Any CPU = Debug|Any CPU
		Release|Any CPU = Release|Any CPU
	EndGlobalSection
	GlobalSection(ProjectConfigurationPlatforms) = postSolution
		{68E70D77-B859-4DCC-B8BB-1A07760795F6}.Debug|Any CPU.ActiveCfg = Debug|Any CPU
		{68E70D77-B859-4DCC-B8BB-1A07760795F6}.Debug|Any CPU.Build.0 = Debug|Any CPU
		{68E70D77-B859-4DCC-B8BB-1A07760795F6}.Release|Any CPU.ActiveCfg = Release|Any CPU
		{68E70D77-B859-4DCC-B8BB-1A07760795F6}.Release|Any CPU.Build.0 = Release|Any CPU
		{C0020E54-6FE9-4A34-A312-F6ACB65407C8}.Debug|Any CPU.ActiveCfg = Debug|Any CPU
		{C0020E54-6FE9-4A34-A312-F6ACB65407C8}.Debug|Any CPU.Build.0 = Debug|Any CPU
		{C0020E54-6FE9-4A34-A312-F6ACB65407C8}.Release|Any CPU.ActiveCfg = Release|Any CPU
		{C0020E54-6FE9-4A34-A312-F6ACB65407C8}.Release|Any CPU.Build.0 = Release|Any CPU
		{45F8B4B5-B080-4BCE-8F32-297F0E2FF2CB}.Debug|Any CPU.ActiveCfg = Debug|Any CPU
		{45F8B4B5-B080-4BCE-8F32-297F0E2FF2CB}.Debug|Any CPU.Build.0 = Debug|Any CPU
		{45F8B4B5-B080-4BCE-8F32-297F0E2FF2CB}.Release|Any CPU.ActiveCfg = Release|Any CPU
		{45F8B4B5-B080-4BCE-8F32-297F0E2FF2CB}.Release|Any CPU.Build.0 = Release|Any CPU
		{739BF029-78BF-4F64-82E1-B002E908047D}.Debug|Any CPU.ActiveCfg = Debug|Any CPU
		{739BF029-78BF-4F64-82E1-B002E908047D}.Debug|Any CPU.Build.0 = Debug|Any CPU
		{739BF029-78BF-4F64-82E1-B002E908047D}.Release|Any CPU.ActiveCfg = Release|Any CPU
		{739BF029-78BF-4F64-82E1-B002E908047D}.Release|Any CPU.Build.0 = Release|Any CPU
	EndGlobalSection
	GlobalSection(SolutionProperties) = preSolution
		HideSolutionNode = FALSE
	EndGlobalSection
	GlobalSection(NestedProjects) = preSolution
		{45F8B4B5-B080-4BCE-8F32-297F0E2FF2CB} = {408C5161-1953-4785-9252-5CD3D1901344}
		{739BF029-78BF-4F64-82E1-B002E908047D} = {408C5161-1953-4785-9252-5CD3D1901344}
	EndGlobalSection
	GlobalSection(ExtensibilityGlobals) = postSolution
		SolutionGuid = {07BCDB92-3AB4-4B3D-B663-062290D4E4CD}
	EndGlobalSection
EndGlobal
